
Microsoft Visual Studio Solution File, Format Version 12.00
# Visual Studio 15
VisualStudioVersion = 15.0.28010.2019
MinimumVisualStudioVersion = 10.0.40219.1
Project("{2150E333-8FDC-42A3-9474-1A3956D46DE8}") = "Model", "Model", "{A65A59F8-E007-494E-B652-67974CE74BA9}"
EndProject
Project("{9A19103F-16F7-4668-BE54-9A1E7A4F7556}") = "odec.CP.Server.Model.Marketing", "..\src\Server\Model\Marketing\odec.CP.Server.Model.Marketing.csproj", "{06CB1520-F0E7-44C4-826B-550B282AB35D}"
EndProject
Global
	GlobalSection(SolutionConfigurationPlatforms) = preSolution
		Debug|Any CPU = Debug|Any CPU
		Release|Any CPU = Release|Any CPU
	EndGlobalSection
	GlobalSection(ProjectConfigurationPlatforms) = postSolution
		{06CB1520-F0E7-44C4-826B-550B282AB35D}.Debug|Any CPU.ActiveCfg = Debug|Any CPU
		{06CB1520-F0E7-44C4-826B-550B282AB35D}.Debug|Any CPU.Build.0 = Debug|Any CPU
		{06CB1520-F0E7-44C4-826B-550B282AB35D}.Release|Any CPU.ActiveCfg = Release|Any CPU
		{06CB1520-F0E7-44C4-826B-550B282AB35D}.Release|Any CPU.Build.0 = Release|Any CPU
	EndGlobalSection
	GlobalSection(SolutionProperties) = preSolution
		HideSolutionNode = FALSE
	EndGlobalSection
	GlobalSection(NestedProjects) = preSolution
		{06CB1520-F0E7-44C4-826B-550B282AB35D} = {A65A59F8-E007-494E-B652-67974CE74BA9}
	EndGlobalSection
	GlobalSection(ExtensibilityGlobals) = postSolution
		SolutionGuid = {5145CA0E-C59C-4256-93CD-CC41F95DA872}
	EndGlobalSection
EndGlobal
